
Microsoft Visual Studio Solution File, Format Version 12.00
# Visual Studio Version 16
VisualStudioVersion = 16.0.30114.105
MinimumVisualStudioVersion = 15.0.26124.0
Project("{9A19103F-16F7-4668-BE54-9A1E7A4F7556}") = "PortProxyGUI", "PortProxyGUI\PortProxyGUI.csproj", "{7459E9F4-8B98-42D6-92CF-E90961E05C90}"
EndProject
Project("{D954291E-2A0B-460D-934E-DC6B0785DB48}") = "PortProxyGUI.Shared", "PortProxyGUI.Shared\PortProxyGUI.Shared.shproj", "{B38EF2B9-E38D-4D6D-BF0D-7C1934D6CFDC}"
EndProject
Project("{2150E333-8FDC-42A3-9474-1A3956D46DE8}") = "docs", "docs", "{E48EF63C-74A5-42B5-BFC5-20652E856B1F}"
	ProjectSection(SolutionItems) = preProject
		README.md = README.md
		docs\ui.png = docs\ui.png
	EndProjectSection
EndProject
Project("{FAE04EC0-301F-11D3-BF4B-00C04F79EFBC}") = "PortProxyGUI - NET45", "PortProxyGUI - NET45\PortProxyGUI - NET45.csproj", "{1B166039-E98C-404A-89A5-C981364B5546}"
EndProject
Project("{FAE04EC0-301F-11D3-BF4B-00C04F79EFBC}") = "PortProxyGUI - NET35", "PortProxyGUI - NET35\PortProxyGUI - NET35.csproj", "{56FB1CBC-BD89-47D7-A9D5-86F02EEF480F}"
EndProject
Global
	GlobalSection(SharedMSBuildProjectFiles) = preSolution
		PortProxyGUI.Shared\PortProxyGUI.Shared.projitems*{1b166039-e98c-404a-89a5-c981364b5546}*SharedItemsImports = 4
		PortProxyGUI.Shared\PortProxyGUI.Shared.projitems*{56fb1cbc-bd89-47d7-a9d5-86f02eef480f}*SharedItemsImports = 4
		PortProxyGUI.Shared\PortProxyGUI.Shared.projitems*{7459e9f4-8b98-42d6-92cf-e90961e05c90}*SharedItemsImports = 5
		PortProxyGUI.Shared\PortProxyGUI.Shared.projitems*{b38ef2b9-e38d-4d6d-bf0d-7c1934d6cfdc}*SharedItemsImports = 13
	EndGlobalSection
	GlobalSection(SolutionConfigurationPlatforms) = preSolution
		Debug|Any CPU = Debug|Any CPU
		Debug|x64 = Debug|x64
		Debug|x86 = Debug|x86
		Release|Any CPU = Release|Any CPU
		Release|x64 = Release|x64
		Release|x86 = Release|x86
	EndGlobalSection
	GlobalSection(ProjectConfigurationPlatforms) = postSolution
		{7459E9F4-8B98-42D6-92CF-E90961E05C90}.Debug|Any CPU.ActiveCfg = Debug|Any CPU
		{7459E9F4-8B98-42D6-92CF-E90961E05C90}.Debug|Any CPU.Build.0 = Debug|Any CPU
		{7459E9F4-8B98-42D6-92CF-E90961E05C90}.Debug|x64.ActiveCfg = Debug|Any CPU
		{7459E9F4-8B98-42D6-92CF-E90961E05C90}.Debug|x64.Build.0 = Debug|Any CPU
		{7459E9F4-8B98-42D6-92CF-E90961E05C90}.Debug|x86.ActiveCfg = Debug|Any CPU
		{7459E9F4-8B98-42D6-92CF-E90961E05C90}.Debug|x86.Build.0 = Debug|Any CPU
		{7459E9F4-8B98-42D6-92CF-E90961E05C90}.Release|Any CPU.ActiveCfg = Release|Any CPU
		{7459E9F4-8B98-42D6-92CF-E90961E05C90}.Release|Any CPU.Build.0 = Release|Any CPU
		{7459E9F4-8B98-42D6-92CF-E90961E05C90}.Release|x64.ActiveCfg = Release|Any CPU
		{7459E9F4-8B98-42D6-92CF-E90961E05C90}.Release|x64.Build.0 = Release|Any CPU
		{7459E9F4-8B98-42D6-92CF-E90961E05C90}.Release|x86.ActiveCfg = Release|Any CPU
		{7459E9F4-8B98-42D6-92CF-E90961E05C90}.Release|x86.Build.0 = Release|Any CPU
		{1B166039-E98C-404A-89A5-C981364B5546}.Debug|Any CPU.ActiveCfg = Debug|Any CPU
		{1B166039-E98C-404A-89A5-C981364B5546}.Debug|Any CPU.Build.0 = Debug|Any CPU
		{1B166039-E98C-404A-89A5-C981364B5546}.Debug|x64.ActiveCfg = Debug|Any CPU
		{1B166039-E98C-404A-89A5-C981364B5546}.Debug|x64.Build.0 = Debug|Any CPU
		{1B166039-E98C-404A-89A5-C981364B5546}.Debug|x86.ActiveCfg = Debug|Any CPU
		{1B166039-E98C-404A-89A5-C981364B5546}.Debug|x86.Build.0 = Debug|Any CPU
		{1B166039-E98C-404A-89A5-C981364B5546}.Release|Any CPU.ActiveCfg = Release|Any CPU
		{1B166039-E98C-404A-89A5-C981364B5546}.Release|Any CPU.Build.0 = Release|Any CPU
		{1B166039-E98C-404A-89A5-C981364B5546}.Release|x64.ActiveCfg = Release|Any CPU
		{1B166039-E98C-404A-89A5-C981364B5546}.Release|x64.Build.0 = Release|Any CPU
		{1B166039-E98C-404A-89A5-C981364B5546}.Release|x86.ActiveCfg = Release|Any CPU
		{1B166039-E98C-404A-89A5-C981364B5546}.Release|x86.Build.0 = Release|Any CPU
		{56FB1CBC-BD89-47D7-A9D5-86F02EEF480F}.Debug|Any CPU.ActiveCfg = Debug|Any CPU
		{56FB1CBC-BD89-47D7-A9D5-86F02EEF480F}.Debug|Any CPU.Build.0 = Debug|Any CPU
		{56FB1CBC-BD89-47D7-A9D5-86F02EEF480F}.Debug|x64.ActiveCfg = Debug|Any CPU
		{56FB1CBC-BD89-47D7-A9D5-86F02EEF480F}.Debug|x64.Build.0 = Debug|Any CPU
		{56FB1CBC-BD89-47D7-A9D5-86F02EEF480F}.Debug|x86.ActiveCfg = Debug|Any CPU
		{56FB1CBC-BD89-47D7-A9D5-86F02EEF480F}.Debug|x86.Build.0 = Debug|Any CPU
		{56FB1CBC-BD89-47D7-A9D5-86F02EEF480F}.Release|Any CPU.ActiveCfg = Release|Any CPU
		{56FB1CBC-BD89-47D7-A9D5-86F02EEF480F}.Release|Any CPU.Build.0 = Release|Any CPU
		{56FB1CBC-BD89-47D7-A9D5-86F02EEF480F}.Release|x64.ActiveCfg = Release|Any CPU
		{56FB1CBC-BD89-47D7-A9D5-86F02EEF480F}.Release|x64.Build.0 = Release|Any CPU
		{56FB1CBC-BD89-47D7-A9D5-86F02EEF480F}.Release|x86.ActiveCfg = Release|Any CPU
		{56FB1CBC-BD89-47D7-A9D5-86F02EEF480F}.Release|x86.Build.0 = Release|Any CPU
	EndGlobalSection
	GlobalSection(SolutionProperties) = preSolution
		HideSolutionNode = FALSE
	EndGlobalSection
	GlobalSection(ExtensibilityGlobals) = postSolution
		SolutionGuid = {780FB421-FE6E-4520-94A0-A0CD31310C27}
	EndGlobalSection
EndGlobal
